
Microsoft Visual Studio Solution File, Format Version 12.00
# Visual Studio Version 16
VisualStudioVersion = 16.0.30503.244
MinimumVisualStudioVersion = 10.0.40219.1
Project("{FAE04EC0-301F-11D3-BF4B-00C04F79EFBC}") = "neogrid.teste.api", "neogrid.teste.api\neogrid.teste.api.csproj", "{4D6682FC-DF0E-4E9D-B43F-42A6540F8612}"
EndProject
Global
	GlobalSection(SolutionConfigurationPlatforms) = preSolution
		Debug|Any CPU = Debug|Any CPU
		Release|Any CPU = Release|Any CPU
	EndGlobalSection
	GlobalSection(ProjectConfigurationPlatforms) = postSolution
		{4D6682FC-DF0E-4E9D-B43F-42A6540F8612}.Debug|Any CPU.ActiveCfg = Debug|Any CPU
		{4D6682FC-DF0E-4E9D-B43F-42A6540F8612}.Debug|Any CPU.Build.0 = Debug|Any CPU
		{4D6682FC-DF0E-4E9D-B43F-42A6540F8612}.Release|Any CPU.ActiveCfg = Release|Any CPU
		{4D6682FC-DF0E-4E9D-B43F-42A6540F8612}.Release|Any CPU.Build.0 = Release|Any CPU
	EndGlobalSection
	GlobalSection(SolutionProperties) = preSolution
		HideSolutionNode = FALSE
	EndGlobalSection
	GlobalSection(ExtensibilityGlobals) = postSolution
		SolutionGuid = {65FD0696-88D1-4052-B989-AFA03535A862}
	EndGlobalSection
EndGlobal
